// !$*UTF8*$!
{
	archiveVersion = 1;
	classes = {
	};
	objectVersion = 46;
	objects = {

/* Begin PBXBuildFile section */
		F832B7D31CE6077F009FFC13 /* AppDelegate.swift in Sources */ = {isa = PBXBuildFile; fileRef = F832B7D21CE6077F009FFC13 /* AppDelegate.swift */; };
		F832B7D51CE6077F009FFC13 /* ViewController.swift in Sources */ = {isa = PBXBuildFile; fileRef = F832B7D41CE6077F009FFC13 /* ViewController.swift */; };
		F832B7D81CE6077F009FFC13 /* Main.storyboard in Resources */ = {isa = PBXBuildFile; fileRef = F832B7D61CE6077F009FFC13 /* Main.storyboard */; };
		F832B7DA1CE6077F009FFC13 /* Assets.xcassets in Resources */ = {isa = PBXBuildFile; fileRef = F832B7D91CE6077F009FFC13 /* Assets.xcassets */; };
		F832B7DD1CE6077F009FFC13 /* LaunchScreen.storyboard in Resources */ = {isa = PBXBuildFile; fileRef = F832B7DB1CE6077F009FFC13 /* LaunchScreen.storyboard */; };
		F832B7E81CE6077F009FFC13 /* TestRxTests.swift in Sources */ = {isa = PBXBuildFile; fileRef = F832B7E71CE6077F009FFC13 /* TestRxTests.swift */; };
/* End PBXBuildFile section */

/* Begin PBXContainerItemProxy section */
		F832B7E41CE6077F009FFC13 /* PBXContainerItemProxy */ = {
			isa = PBXContainerItemProxy;
			containerPortal = F832B7C71CE6077F009FFC13 /* Project object */;
			proxyType = 1;
			remoteGlobalIDString = F832B7CE1CE6077F009FFC13;
			remoteInfo = TestRx;
		};
/* End PBXContainerItemProxy section */

/* Begin PBXFileReference section */
		F832B7CF1CE6077F009FFC13 /* TestRx.app */ = {isa = PBXFileReference; explicitFileType = wrapper.application; includeInIndex = 0; path = TestRx.app; sourceTree = BUILT_PRODUCTS_DIR; };
		F832B7D21CE6077F009FFC13 /* AppDelegate.swift */ = {isa = PBXFileReference; lastKnownFileType = sourcecode.swift; path = AppDelegate.swift; sourceTree = "<group>"; };
		F832B7D41CE6077F009FFC13 /* ViewController.swift */ = {isa = PBXFileReference; lastKnownFileType = sourcecode.swift; path = ViewController.swift; sourceTree = "<group>"; };
		F832B7D71CE6077F009FFC13 /* Base */ = {isa = PBXFileReference; lastKnownFileType = file.storyboard; name = Base; path = Base.lproj/Main.storyboard; sourceTree = "<group>"; };
		F832B7D91CE6077F009FFC13 /* Assets.xcassets */ = {isa = PBXFileReference; lastKnownFileType = folder.assetcatalog; path = Assets.xcassets; sourceTree = "<group>"; };
		F832B7DC1CE6077F009FFC13 /* Base */ = {isa = PBXFileReference; lastKnownFileType = file.storyboard; name = Base; path = Base.lproj/LaunchScreen.storyboard; sourceTree = "<group>"; };
		F832B7DE1CE6077F009FFC13 /* Info.plist */ = {isa = PBXFileReference; lastKnownFileType = text.plist.xml; path = Info.plist; sourceTree = "<group>"; };
		F832B7E31CE6077F009FFC13 /* TestRxTests.xctest */ = {isa = PBXFileReference; explicitFileType = wrapper.cfbundle; includeInIndex = 0; path = TestRxTests.xctest; sourceTree = BUILT_PRODUCTS_DIR; };
		F832B7E71CE6077F009FFC13 /* TestRxTests.swift */ = {isa = PBXFileReference; lastKnownFileType = sourcecode.swift; path = TestRxTests.swift; sourceTree = "<group>"; };
		F832B7E91CE6077F009FFC13 /* Info.plist */ = {isa = PBXFileReference; lastKnownFileType = text.plist.xml; path = Info.plist; sourceTree = "<group>"; };
/* End PBXFileReference section */

/* Begin PBXFrameworksBuildPhase section */
		F832B7CC1CE6077F009FFC13 /* Frameworks */ = {
			isa = PBXFrameworksBuildPhase;
			buildActionMask = 2147483647;
			files = (
			);
			runOnlyForDeploymentPostprocessing = 0;
		};
		F832B7E01CE6077F009FFC13 /* Frameworks */ = {
			isa = PBXFrameworksBuildPhase;
			buildActionMask = 2147483647;
			files = (
			);
			runOnlyForDeploymentPostprocessing = 0;
		};
/* End PBXFrameworksBuildPhase section */

/* Begin PBXGroup section */
		F832B7C61CE6077F009FFC13 = {
			isa = PBXGroup;
			children = (
				F832B7D11CE6077F009FFC13 /* TestRx */,
				F832B7E61CE6077F009FFC13 /* TestRxTests */,
				F832B7D01CE6077F009FFC13 /* Products */,
			);
			sourceTree = "<group>";
		};
		F832B7D01CE6077F009FFC13 /* Products */ = {
			isa = PBXGroup;
			children = (
				F832B7CF1CE6077F009FFC13 /* TestRx.app */,
				F832B7E31CE6077F009FFC13 /* TestRxTests.xctest */,
			);
			name = Products;
			sourceTree = "<group>";
		};
		F832B7D11CE6077F009FFC13 /* TestRx */ = {
			isa = PBXGroup;
			children = (
				F832B7D21CE6077F009FFC13 /* AppDelegate.swift */,
				F832B7D41CE6077F009FFC13 /* ViewController.swift */,
				F832B7D61CE6077F009FFC13 /* Main.storyboard */,
				F832B7D91CE6077F009FFC13 /* Assets.xcassets */,
				F832B7DB1CE6077F009FFC13 /* LaunchScreen.storyboard */,
				F832B7DE1CE6077F009FFC13 /* Info.plist */,
			);
			path = TestRx;
			sourceTree = "<group>";
		};
		F832B7E61CE6077F009FFC13 /* TestRxTests */ = {
			isa = PBXGroup;
			children = (
				F832B7E71CE6077F009FFC13 /* TestRxTests.swift */,
				F832B7E91CE6077F009FFC13 /* Info.plist */,
			);
			path = TestRxTests;
			sourceTree = "<group>";
		};
/* End PBXGroup section */

/* Begin PBXNativeTarget section */
		F832B7CE1CE6077F009FFC13 /* TestRx */ = {
			isa = PBXNativeTarget;
			buildConfigurationList = F832B7EC1CE6077F009FFC13 /* Build configuration list for PBXNativeTarget "TestRx" */;
			buildPhases = (
				F832B7CB1CE6077F009FFC13 /* Sources */,
				F832B7CC1CE6077F009FFC13 /* Frameworks */,
				F832B7CD1CE6077F009FFC13 /* Resources */,
			);
			buildRules = (
			);
			dependencies = (
			);
			name = TestRx;
			productName = TestRx;
			productReference = F832B7CF1CE6077F009FFC13 /* TestRx.app */;
			productType = "com.apple.product-type.application";
		};
		F832B7E21CE6077F009FFC13 /* TestRxTests */ = {
			isa = PBXNativeTarget;
			buildConfigurationList = F832B7EF1CE6077F009FFC13 /* Build configuration list for PBXNativeTarget "TestRxTests" */;
			buildPhases = (
				F832B7DF1CE6077F009FFC13 /* Sources */,
				F832B7E01CE6077F009FFC13 /* Frameworks */,
				F832B7E11CE6077F009FFC13 /* Resources */,
			);
			buildRules = (
			);
			dependencies = (
				F832B7E51CE6077F009FFC13 /* PBXTargetDependency */,
			);
			name = TestRxTests;
			productName = TestRxTests;
			productReference = F832B7E31CE6077F009FFC13 /* TestRxTests.xctest */;
			productType = "com.apple.product-type.bundle.unit-test";
		};
/* End PBXNativeTarget section */

/* Begin PBXProject section */
		F832B7C71CE6077F009FFC13 /* Project object */ = {
			isa = PBXProject;
			attributes = {
				LastSwiftUpdateCheck = 0730;
				LastUpgradeCheck = 0730;
				ORGANIZATIONNAME = "Ivy Gulch LLC";
				TargetAttributes = {
					F832B7CE1CE6077F009FFC13 = {
						CreatedOnToolsVersion = 7.3;
					};
					F832B7E21CE6077F009FFC13 = {
						CreatedOnToolsVersion = 7.3;
						TestTargetID = F832B7CE1CE6077F009FFC13;
					};
				};
			};
			buildConfigurationList = F832B7CA1CE6077F009FFC13 /* Build configuration list for PBXProject "TestRx" */;
			compatibilityVersion = "Xcode 3.2";
			developmentRegion = English;
			hasScannedForEncodings = 0;
			knownRegions = (
				en,
				Base,
			);
			mainGroup = F832B7C61CE6077F009FFC13;
			productRefGroup = F832B7D01CE6077F009FFC13 /* Products */;
			projectDirPath = "";
			projectRoot = "";
			targets = (
				F832B7CE1CE6077F009FFC13 /* TestRx */,
				F832B7E21CE6077F009FFC13 /* TestRxTests */,
			);
		};
/* End PBXProject section */

/* Begin PBXResourcesBuildPhase section */
		F832B7CD1CE6077F009FFC13 /* Resources */ = {
			isa = PBXResourcesBuildPhase;
			buildActionMask = 2147483647;
			files = (
				F832B7DD1CE6077F009FFC13 /* LaunchScreen.storyboard in Resources */,
				F832B7DA1CE6077F009FFC13 /* Assets.xcassets in Resources */,
				F832B7D81CE6077F009FFC13 /* Main.storyboard in Resources */,
			);
			runOnlyForDeploymentPostprocessing = 0;
		};
		F832B7E11CE6077F009FFC13 /* Resources */ = {
			isa = PBXResourcesBuildPhase;
			buildActionMask = 2147483647;
			files = (
			);
			runOnlyForDeploymentPostprocessing = 0;
		};
/* End PBXResourcesBuildPhase section */

/* Begin PBXSourcesBuildPhase section */
		F832B7CB1CE6077F009FFC13 /* Sources */ = {
			isa = PBXSourcesBuildPhase;
			buildActionMask = 2147483647;
			files = (
				F832B7D51CE6077F009FFC13 /* ViewController.swift in Sources */,
				F832B7D31CE6077F009FFC13 /* AppDelegate.swift in Sources */,
			);
			runOnlyForDeploymentPostprocessing = 0;
		};
		F832B7DF1CE6077F009FFC13 /* Sources */ = {
			isa = PBXSourcesBuildPhase;
			buildActionMask = 2147483647;
			files = (
				F832B7E81CE6077F009FFC13 /* TestRxTests.swift in Sources */,
			);
			runOnlyForDeploymentPostprocessing = 0;
		};
/* End PBXSourcesBuildPhase section */

/* Begin PBXTargetDependency section */
		F832B7E51CE6077F009FFC13 /* PBXTargetDependency */ = {
			isa = PBXTargetDependency;
			target = F832B7CE1CE6077F009FFC13 /* TestRx */;
			targetProxy = F832B7E41CE6077F009FFC13 /* PBXContainerItemProxy */;
		};
/* End PBXTargetDependency section */

/* Begin PBXVariantGroup section */
		F832B7D61CE6077F009FFC13 /* Main.storyboard */ = {
			isa = PBXVariantGroup;
			children = (
				F832B7D71CE6077F009FFC13 /* Base */,
			);
			name = Main.storyboard;
			sourceTree = "<group>";
		};
		F832B7DB1CE6077F009FFC13 /* LaunchScreen.storyboard */ = {
			isa = PBXVariantGroup;
			children = (
				F832B7DC1CE6077F009FFC13 /* Base */,
			);
			name = LaunchScreen.storyboard;
			sourceTree = "<group>";
		};
/* End PBXVariantGroup section */

/* Begin XCBuildConfiguration section */
		F832B7EA1CE6077F009FFC13 /* Debug */ = {
			isa = XCBuildConfiguration;
			buildSettings = {
				ALWAYS_SEARCH_USER_PATHS = NO;
				CLANG_ANALYZER_NONNULL = YES;
				CLANG_CXX_LANGUAGE_STANDARD = "gnu++0x";
				CLANG_CXX_LIBRARY = "libc++";
				CLANG_ENABLE_MODULES = YES;
				CLANG_ENABLE_OBJC_ARC = YES;
				CLANG_WARN_BOOL_CONVERSION = YES;
				CLANG_WARN_CONSTANT_CONVERSION = YES;
				CLANG_WARN_DIRECT_OBJC_ISA_USAGE = YES_ERROR;
				CLANG_WARN_EMPTY_BODY = YES;
				CLANG_WARN_ENUM_CONVERSION = YES;
				CLANG_WARN_INT_CONVERSION = YES;
				CLANG_WARN_OBJC_ROOT_CLASS = YES_ERROR;
				CLANG_WARN_UNREACHABLE_CODE = YES;
				CLANG_WARN__DUPLICATE_METHOD_MATCH = YES;
				"CODE_SIGN_IDENTITY[sdk=iphoneos*]" = "iPhone Developer";
				COPY_PHASE_STRIP = NO;
				DEBUG_INFORMATION_FORMAT = dwarf;
				ENABLE_STRICT_OBJC_MSGSEND = YES;
				ENABLE_TESTABILITY = YES;
				GCC_C_LANGUAGE_STANDARD = gnu99;
				GCC_DYNAMIC_NO_PIC = NO;
				GCC_NO_COMMON_BLOCKS = YES;
				GCC_OPTIMIZATION_LEVEL = 0;
				GCC_PREPROCESSOR_DEFINITIONS = (
					"DEBUG=1",
					"$(inherited)",
				);
				GCC_WARN_64_TO_32_BIT_CONVERSION = YES;
				GCC_WARN_ABOUT_RETURN_TYPE = YES_ERROR;
				GCC_WARN_UNDECLARED_SELECTOR = YES;
				GCC_WARN_UNINITIALIZED_AUTOS = YES_AGGRESSIVE;
				GCC_WARN_UNUSED_FUNCTION = YES;
				GCC_WARN_UNUSED_VARIABLE = YES;
				IPHONEOS_DEPLOYMENT_TARGET = 9.3;
				MTL_ENABLE_DEBUG_INFO = YES;
				ONLY_ACTIVE_ARCH = YES;
				SDKROOT = iphoneos;
				SWIFT_OPTIMIZATION_LEVEL = "-Onone";
			};
			name = Debug;
		};
		F832B7EB1CE6077F009FFC13 /* Release */ = {
			isa = XCBuildConfiguration;
			buildSettings = {
				ALWAYS_SEARCH_USER_PATHS = NO;
				CLANG_ANALYZER_NONNULL = YES;
				CLANG_CXX_LANGUAGE_STANDARD = "gnu++0x";
				CLANG_CXX_LIBRARY = "libc++";
				CLANG_ENABLE_MODULES = YES;
				CLANG_ENABLE_OBJC_ARC = YES;
				CLANG_WARN_BOOL_CONVERSION = YES;
				CLANG_WARN_CONSTANT_CONVERSION = YES;
				CLANG_WARN_DIRECT_OBJC_ISA_USAGE = YES_ERROR;
				CLANG_WARN_EMPTY_BODY = YES;
				CLANG_WARN_ENUM_CONVERSION = YES;
				CLANG_WARN_INT_CONVERSION = YES;
				CLANG_WARN_OBJC_ROOT_CLASS = YES_ERROR;
				CLANG_WARN_UNREACHABLE_CODE = YES;
				CLANG_WARN__DUPLICATE_METHOD_MATCH = YES;
				"CODE_SIGN_IDENTITY[sdk=iphoneos*]" = "iPhone Developer";
				COPY_PHASE_STRIP = NO;
				DEBUG_INFORMATION_FORMAT = "dwarf-with-dsym";
				ENABLE_NS_ASSERTIONS = NO;
				ENABLE_STRICT_OBJC_MSGSEND = YES;
				GCC_C_LANGUAGE_STANDARD = gnu99;
				GCC_NO_COMMON_BLOCKS = YES;
				GCC_WARN_64_TO_32_BIT_CONVERSION = YES;
				GCC_WARN_ABOUT_RETURN_TYPE = YES_ERROR;
				GCC_WARN_UNDECLARED_SELECTOR = YES;
				GCC_WARN_UNINITIALIZED_AUTOS = YES_AGGRESSIVE;
				GCC_WARN_UNUSED_FUNCTION = YES;
				GCC_WARN_UNUSED_VARIABLE = YES;
				IPHONEOS_DEPLOYMENT_TARGET = 9.3;
				MTL_ENABLE_DEBUG_INFO = NO;
				SDKROOT = iphoneos;
				VALIDATE_PRODUCT = YES;
			};
			name = Release;
		};
		F832B7ED1CE6077F009FFC13 /* Debug */ = {
			isa = XCBuildConfiguration;
			buildSettings = {
				ASSETCATALOG_COMPILER_APPICON_NAME = AppIcon;
				INFOPLIST_FILE = TestRx/Info.plist;
				LD_RUNPATH_SEARCH_PATHS = "$(inherited) @executable_path/Frameworks";
				PRODUCT_BUNDLE_IDENTIFIER = com.ivygulch.TestRx;
				PRODUCT_NAME = "$(TARGET_NAME)";
			};
			name = Debug;
		};
		F832B7EE1CE6077F009FFC13 /* Release */ = {
			isa = XCBuildConfiguration;
			buildSettings = {
				ASSETCATALOG_COMPILER_APPICON_NAME = AppIcon;
				INFOPLIST_FILE = TestRx/Info.plist;
				LD_RUNPATH_SEARCH_PATHS = "$(inherited) @executable_path/Frameworks";
				PRODUCT_BUNDLE_IDENTIFIER = com.ivygulch.TestRx;
				PRODUCT_NAME = "$(TARGET_NAME)";
			};
			name = Release;
		};
		F832B7F01CE6077F009FFC13 /* Debug */ = {
			isa = XCBuildConfiguration;
			buildSettings = {
				BUNDLE_LOADER = "$(TEST_HOST)";
				INFOPLIST_FILE = TestRxTests/Info.plist;
				LD_RUNPATH_SEARCH_PATHS = "$(inherited) @executable_path/Frameworks @loader_path/Frameworks";
				PRODUCT_BUNDLE_IDENTIFIER = com.ivygulch.TestRxTests;
				PRODUCT_NAME = "$(TARGET_NAME)";
				TEST_HOST = "$(BUILT_PRODUCTS_DIR)/TestRx.app/TestRx";
			};
			name = Debug;
		};
		F832B7F11CE6077F009FFC13 /* Release */ = {
			isa = XCBuildConfiguration;
			buildSettings = {
				BUNDLE_LOADER = "$(TEST_HOST)";
				INFOPLIST_FILE = TestRxTests/Info.plist;
				LD_RUNPATH_SEARCH_PATHS = "$(inherited) @executable_path/Frameworks @loader_path/Frameworks";
				PRODUCT_BUNDLE_IDENTIFIER = com.ivygulch.TestRxTests;
				PRODUCT_NAME = "$(TARGET_NAME)";
				TEST_HOST = "$(BUILT_PRODUCTS_DIR)/TestRx.app/TestRx";
			};
			name = Release;
		};
/* End XCBuildConfiguration section */

/* Begin XCConfigurationList section */
		F832B7CA1CE6077F009FFC13 /* Build configuration list for PBXProject "TestRx" */ = {
			isa = XCConfigurationList;
			buildConfigurations = (
				F832B7EA1CE6077F009FFC13 /* Debug */,
				F832B7EB1CE6077F009FFC13 /* Release */,
			);
			defaultConfigurationIsVisible = 0;
			defaultConfigurationName = Release;
		};
		F832B7EC1CE6077F009FFC13 /* Build configuration list for PBXNativeTarget "TestRx" */ = {
			isa = XCConfigurationList;
			buildConfigurations = (
				F832B7ED1CE6077F009FFC13 /* Debug */,
				F832B7EE1CE6077F009FFC13 /* Release */,
			);
			defaultConfigurationIsVisible = 0;
		};
		F832B7EF1CE6077F009FFC13 /* Build configuration list for PBXNativeTarget "TestRxTests" */ = {
			isa = XCConfigurationList;
			buildConfigurations = (
				F832B7F01CE6077F009FFC13 /* Debug */,
				F832B7F11CE6077F009FFC13 /* Release */,
			);
			defaultConfigurationIsVisible = 0;
		};
/* End XCConfigurationList section */
	};
	rootObject = F832B7C71CE6077F009FFC13 /* Project object */;
}
